
Microsoft Visual Studio Solution File, Format Version 12.00
# Visual Studio Version 16
VisualStudioVersion = 16.0.32630.194
MinimumVisualStudioVersion = 10.0.40219.1
Project("{2150E333-8FDC-42A3-9474-1A3956D46DE8}") = "Services", "Services", "{D7209BE6-681A-4FD8-8777-1D4E73D76414}"
EndProject
Project("{2150E333-8FDC-42A3-9474-1A3956D46DE8}") = "Catalog", "Catalog", "{D40A3F2A-9F51-4C54-BF7B-7901728685B6}"
EndProject
Project("{9A19103F-16F7-4668-BE54-9A1E7A4F7556}") = "Catalog.API", "Services\Catalog\Catalog.API\Catalog.API.csproj", "{FEC94473-8ED9-4317-AFDB-CFD4C20AB333}"
EndProject
Global
	GlobalSection(SolutionConfigurationPlatforms) = preSolution
		Debug|Any CPU = Debug|Any CPU
		Release|Any CPU = Release|Any CPU
	EndGlobalSection
	GlobalSection(ProjectConfigurationPlatforms) = postSolution
		{FEC94473-8ED9-4317-AFDB-CFD4C20AB333}.Debug|Any CPU.ActiveCfg = Debug|Any CPU
		{FEC94473-8ED9-4317-AFDB-CFD4C20AB333}.Debug|Any CPU.Build.0 = Debug|Any CPU
		{FEC94473-8ED9-4317-AFDB-CFD4C20AB333}.Release|Any CPU.ActiveCfg = Release|Any CPU
		{FEC94473-8ED9-4317-AFDB-CFD4C20AB333}.Release|Any CPU.Build.0 = Release|Any CPU
	EndGlobalSection
	GlobalSection(SolutionProperties) = preSolution
		HideSolutionNode = FALSE
	EndGlobalSection
	GlobalSection(NestedProjects) = preSolution
		{D40A3F2A-9F51-4C54-BF7B-7901728685B6} = {D7209BE6-681A-4FD8-8777-1D4E73D76414}
		{FEC94473-8ED9-4317-AFDB-CFD4C20AB333} = {D40A3F2A-9F51-4C54-BF7B-7901728685B6}
	EndGlobalSection
	GlobalSection(ExtensibilityGlobals) = postSolution
		SolutionGuid = {2DE2D57C-20D2-4FE0-A9B2-FA5E6D9DB35A}
	EndGlobalSection
EndGlobal
